
Microsoft Visual Studio Solution File, Format Version 12.00
# Visual Studio Version 16
VisualStudioVersion = 16.0.32106.194
MinimumVisualStudioVersion = 10.0.40219.1
Project("{FAE04EC0-301F-11D3-BF4B-00C04F79EFBC}") = "Api_First", "Api_First\Api_First.csproj", "{23629217-F62F-47F1-BECD-15FD4AF9984F}"
EndProject
Global
	GlobalSection(SolutionConfigurationPlatforms) = preSolution
		Debug|Any CPU = Debug|Any CPU
		Release|Any CPU = Release|Any CPU
	EndGlobalSection
	GlobalSection(ProjectConfigurationPlatforms) = postSolution
		{23629217-F62F-47F1-BECD-15FD4AF9984F}.Debug|Any CPU.ActiveCfg = Debug|Any CPU
		{23629217-F62F-47F1-BECD-15FD4AF9984F}.Debug|Any CPU.Build.0 = Debug|Any CPU
		{23629217-F62F-47F1-BECD-15FD4AF9984F}.Release|Any CPU.ActiveCfg = Release|Any CPU
		{23629217-F62F-47F1-BECD-15FD4AF9984F}.Release|Any CPU.Build.0 = Release|Any CPU
	EndGlobalSection
	GlobalSection(SolutionProperties) = preSolution
		HideSolutionNode = FALSE
	EndGlobalSection
	GlobalSection(ExtensibilityGlobals) = postSolution
		SolutionGuid = {688C63B9-D070-4496-A310-B7A005B291DA}
	EndGlobalSection
EndGlobal
